// !$*UTF8*$!
{
	archiveVersion = 1;
	classes = {
	};
	objectVersion = 50;
	objects = {

/* Begin PBXBuildFile section */
		A940944D261A2EA6D3941F0D /* Pods_SwiftIssues.framework in Frameworks */ = {isa = PBXBuildFile; fileRef = 0CE867793FEB24FFD4FA5818 /* Pods_SwiftIssues.framework */; };
		BC0979F0226636FA008EB0DA /* IssuesListItemCellPresenter.swift in Sources */ = {isa = PBXBuildFile; fileRef = BC0979EF226636FA008EB0DA /* IssuesListItemCellPresenter.swift */; };
		BC0979F422663AAE008EB0DA /* ViewControllerInjector.swift in Sources */ = {isa = PBXBuildFile; fileRef = BC0979F322663AAE008EB0DA /* ViewControllerInjector.swift */; };
		BC0979F722663DB6008EB0DA /* IssuesListViewController.swift in Sources */ = {isa = PBXBuildFile; fileRef = BC0979F622663DB6008EB0DA /* IssuesListViewController.swift */; };
		BC0FBEE4225E4BE900CD90D0 /* AppDelegate.swift in Sources */ = {isa = PBXBuildFile; fileRef = BC0FBEE3225E4BE900CD90D0 /* AppDelegate.swift */; };
		BC0FBEEB225E4BEC00CD90D0 /* Assets.xcassets in Resources */ = {isa = PBXBuildFile; fileRef = BC0FBEEA225E4BEC00CD90D0 /* Assets.xcassets */; };
		BC0FBEEE225E4BEC00CD90D0 /* LaunchScreen.storyboard in Resources */ = {isa = PBXBuildFile; fileRef = BC0FBEEC225E4BEC00CD90D0 /* LaunchScreen.storyboard */; };
		BC1A1591226018220022680A /* IssuesListItemCell.swift in Sources */ = {isa = PBXBuildFile; fileRef = BC1A1590226018220022680A /* IssuesListItemCell.swift */; };
		BC1A1595226018D10022680A /* Issues.storyboard in Resources */ = {isa = PBXBuildFile; fileRef = BC1A1594226018D10022680A /* Issues.storyboard */; };
		BC1A1596226018D10022680A /* Issues.storyboard in Resources */ = {isa = PBXBuildFile; fileRef = BC1A1594226018D10022680A /* Issues.storyboard */; };
		BC26F4292267792100AE7621 /* dataset-issues.json in Resources */ = {isa = PBXBuildFile; fileRef = BC26F4282267792100AE7621 /* dataset-issues.json */; };
		BC5A01BF2261718D00FA9466 /* IssuesAPIService.swift in Sources */ = {isa = PBXBuildFile; fileRef = BC5A01BE2261718D00FA9466 /* IssuesAPIService.swift */; };
		BC5A01C32261735400FA9466 /* Constants.swift in Sources */ = {isa = PBXBuildFile; fileRef = BC5A01C22261735400FA9466 /* Constants.swift */; };
		BC5A01C822617BBB00FA9466 /* IssuesFetcher.swift in Sources */ = {isa = PBXBuildFile; fileRef = BC5A01C722617BBB00FA9466 /* IssuesFetcher.swift */; };
		BC5A01D9226399B500FA9466 /* IssuesListPresenter.swift in Sources */ = {isa = PBXBuildFile; fileRef = BC5A01D8226399B500FA9466 /* IssuesListPresenter.swift */; };
		BC5A01E32263A26D00FA9466 /* issuesService.swift in Sources */ = {isa = PBXBuildFile; fileRef = BC5A01E22263A26D00FA9466 /* issuesService.swift */; };
		BC8B3FC4225EDAB000795485 /* Issues.swift in Sources */ = {isa = PBXBuildFile; fileRef = BC8B3FC3225EDAB000795485 /* Issues.swift */; };
		BCFAFE00226433E900647A80 /* Dependency+Extension.swift in Sources */ = {isa = PBXBuildFile; fileRef = BCFAFDFF226433E900647A80 /* Dependency+Extension.swift */; };
		BCFAFE0222644DFE00647A80 /* String+Extension.swift in Sources */ = {isa = PBXBuildFile; fileRef = BCFAFE0122644DFE00647A80 /* String+Extension.swift */; };
		BCFAFE042264C62A00647A80 /* IssueDetailsViewController.swift in Sources */ = {isa = PBXBuildFile; fileRef = BCFAFE032264C62A00647A80 /* IssueDetailsViewController.swift */; };
		BCFAFE072264C8B700647A80 /* IssueDetailsPresenter.swift in Sources */ = {isa = PBXBuildFile; fileRef = BCFAFE062264C8B700647A80 /* IssueDetailsPresenter.swift */; };
		BCFAFE17226574F700647A80 /* IssuesListPresenterSpec.swift in Sources */ = {isa = PBXBuildFile; fileRef = BCFAFE16226574F700647A80 /* IssuesListPresenterSpec.swift */; };
		C9F128720B5B8D8E87CE75F3 /* Pods_SwiftIssuesTests.framework in Frameworks */ = {isa = PBXBuildFile; fileRef = 20DC3A60E3B6A687377A48E5 /* Pods_SwiftIssuesTests.framework */; };
/* End PBXBuildFile section */

/* Begin PBXContainerItemProxy section */
		BC0FBEF5225E4BEC00CD90D0 /* PBXContainerItemProxy */ = {
			isa = PBXContainerItemProxy;
			containerPortal = BC0FBED8225E4BE900CD90D0 /* Project object */;
			proxyType = 1;
			remoteGlobalIDString = BC0FBEDF225E4BE900CD90D0;
			remoteInfo = SwiftIssues;
		};
/* End PBXContainerItemProxy section */

/* Begin PBXFileReference section */
		0164EF061FA68AC6F9E781ED /* Pods-SwiftIssuesTests.release.xcconfig */ = {isa = PBXFileReference; includeInIndex = 1; lastKnownFileType = text.xcconfig; name = "Pods-SwiftIssuesTests.release.xcconfig"; path = "Pods/Target Support Files/Pods-SwiftIssuesTests/Pods-SwiftIssuesTests.release.xcconfig"; sourceTree = "<group>"; };
		0CE867793FEB24FFD4FA5818 /* Pods_SwiftIssues.framework */ = {isa = PBXFileReference; explicitFileType = wrapper.framework; includeInIndex = 0; path = Pods_SwiftIssues.framework; sourceTree = BUILT_PRODUCTS_DIR; };
		20DC3A60E3B6A687377A48E5 /* Pods_SwiftIssuesTests.framework */ = {isa = PBXFileReference; explicitFileType = wrapper.framework; includeInIndex = 0; path = Pods_SwiftIssuesTests.framework; sourceTree = BUILT_PRODUCTS_DIR; };
		2F21FBEEA8463EB9BD396DB2 /* Pods_SwiftIssuesUITests.framework */ = {isa = PBXFileReference; explicitFileType = wrapper.framework; includeInIndex = 0; path = Pods_SwiftIssuesUITests.framework; sourceTree = BUILT_PRODUCTS_DIR; };
		3AE26692D7E937C14974AF89 /* Pods-SwiftIssues.release.xcconfig */ = {isa = PBXFileReference; includeInIndex = 1; lastKnownFileType = text.xcconfig; name = "Pods-SwiftIssues.release.xcconfig"; path = "Pods/Target Support Files/Pods-SwiftIssues/Pods-SwiftIssues.release.xcconfig"; sourceTree = "<group>"; };
		814F948C5A0A73750520FE2C /* Pods-SwiftIssues.debug.xcconfig */ = {isa = PBXFileReference; includeInIndex = 1; lastKnownFileType = text.xcconfig; name = "Pods-SwiftIssues.debug.xcconfig"; path = "Pods/Target Support Files/Pods-SwiftIssues/Pods-SwiftIssues.debug.xcconfig"; sourceTree = "<group>"; };
		BC0979EF226636FA008EB0DA /* IssuesListItemCellPresenter.swift */ = {isa = PBXFileReference; lastKnownFileType = sourcecode.swift; path = IssuesListItemCellPresenter.swift; sourceTree = "<group>"; };
		BC0979F322663AAE008EB0DA /* ViewControllerInjector.swift */ = {isa = PBXFileReference; lastKnownFileType = sourcecode.swift; path = ViewControllerInjector.swift; sourceTree = "<group>"; };
		BC0979F622663DB6008EB0DA /* IssuesListViewController.swift */ = {isa = PBXFileReference; lastKnownFileType = sourcecode.swift; path = IssuesListViewController.swift; sourceTree = "<group>"; };
		BC0FBEE0225E4BE900CD90D0 /* SwiftIssues.app */ = {isa = PBXFileReference; explicitFileType = wrapper.application; includeInIndex = 0; path = SwiftIssues.app; sourceTree = BUILT_PRODUCTS_DIR; };
		BC0FBEE3225E4BE900CD90D0 /* AppDelegate.swift */ = {isa = PBXFileReference; lastKnownFileType = sourcecode.swift; path = AppDelegate.swift; sourceTree = "<group>"; };
		BC0FBEEA225E4BEC00CD90D0 /* Assets.xcassets */ = {isa = PBXFileReference; lastKnownFileType = folder.assetcatalog; path = Assets.xcassets; sourceTree = "<group>"; };
		BC0FBEED225E4BEC00CD90D0 /* Base */ = {isa = PBXFileReference; lastKnownFileType = file.storyboard; name = Base; path = Base.lproj/LaunchScreen.storyboard; sourceTree = "<group>"; };
		BC0FBEEF225E4BEC00CD90D0 /* Info.plist */ = {isa = PBXFileReference; lastKnownFileType = text.plist.xml; path = Info.plist; sourceTree = "<group>"; };
		BC0FBEF4225E4BEC00CD90D0 /* SwiftIssuesTests.xctest */ = {isa = PBXFileReference; explicitFileType = wrapper.cfbundle; includeInIndex = 0; path = SwiftIssuesTests.xctest; sourceTree = BUILT_PRODUCTS_DIR; };
		BC0FBEFA225E4BEC00CD90D0 /* Info.plist */ = {isa = PBXFileReference; lastKnownFileType = text.plist.xml; path = Info.plist; sourceTree = "<group>"; };
		BC1A1590226018220022680A /* IssuesListItemCell.swift */ = {isa = PBXFileReference; lastKnownFileType = sourcecode.swift; path = IssuesListItemCell.swift; sourceTree = "<group>"; };
		BC1A1594226018D10022680A /* Issues.storyboard */ = {isa = PBXFileReference; lastKnownFileType = file.storyboard; path = Issues.storyboard; sourceTree = "<group>"; };
		BC26F4282267792100AE7621 /* dataset-issues.json */ = {isa = PBXFileReference; fileEncoding = 4; lastKnownFileType = text.json; path = "dataset-issues.json"; sourceTree = "<group>"; };
		BC5A01BE2261718D00FA9466 /* IssuesAPIService.swift */ = {isa = PBXFileReference; lastKnownFileType = sourcecode.swift; path = IssuesAPIService.swift; sourceTree = "<group>"; };
		BC5A01C22261735400FA9466 /* Constants.swift */ = {isa = PBXFileReference; lastKnownFileType = sourcecode.swift; path = Constants.swift; sourceTree = "<group>"; };
		BC5A01C722617BBB00FA9466 /* IssuesFetcher.swift */ = {isa = PBXFileReference; lastKnownFileType = sourcecode.swift; path = IssuesFetcher.swift; sourceTree = "<group>"; };
		BC5A01D8226399B500FA9466 /* IssuesListPresenter.swift */ = {isa = PBXFileReference; lastKnownFileType = sourcecode.swift; path = IssuesListPresenter.swift; sourceTree = "<group>"; };
		BC5A01E22263A26D00FA9466 /* issuesService.swift */ = {isa = PBXFileReference; lastKnownFileType = sourcecode.swift; path = issuesService.swift; sourceTree = "<group>"; };
		BC8B3FC3225EDAB000795485 /* Issues.swift */ = {isa = PBXFileReference; lastKnownFileType = sourcecode.swift; path = Issues.swift; sourceTree = "<group>"; };
		BCFAFDFF226433E900647A80 /* Dependency+Extension.swift */ = {isa = PBXFileReference; lastKnownFileType = sourcecode.swift; path = "Dependency+Extension.swift"; sourceTree = "<group>"; };
		BCFAFE0122644DFE00647A80 /* String+Extension.swift */ = {isa = PBXFileReference; lastKnownFileType = sourcecode.swift; path = "String+Extension.swift"; sourceTree = "<group>"; };
		BCFAFE032264C62A00647A80 /* IssueDetailsViewController.swift */ = {isa = PBXFileReference; lastKnownFileType = sourcecode.swift; path = IssueDetailsViewController.swift; sourceTree = "<group>"; };
		BCFAFE062264C8B700647A80 /* IssueDetailsPresenter.swift */ = {isa = PBXFileReference; lastKnownFileType = sourcecode.swift; path = IssueDetailsPresenter.swift; sourceTree = "<group>"; };
		BCFAFE16226574F700647A80 /* IssuesListPresenterSpec.swift */ = {isa = PBXFileReference; lastKnownFileType = sourcecode.swift; path = IssuesListPresenterSpec.swift; sourceTree = "<group>"; };
		E545A2FA476AE9FCD4B9AD02 /* Pods-SwiftIssuesUITests.debug.xcconfig */ = {isa = PBXFileReference; includeInIndex = 1; lastKnownFileType = text.xcconfig; name = "Pods-SwiftIssuesUITests.debug.xcconfig"; path = "Pods/Target Support Files/Pods-SwiftIssuesUITests/Pods-SwiftIssuesUITests.debug.xcconfig"; sourceTree = "<group>"; };
		F841578E3FF7A9FBF45BB17F /* Pods-SwiftIssuesTests.debug.xcconfig */ = {isa = PBXFileReference; includeInIndex = 1; lastKnownFileType = text.xcconfig; name = "Pods-SwiftIssuesTests.debug.xcconfig"; path = "Pods/Target Support Files/Pods-SwiftIssuesTests/Pods-SwiftIssuesTests.debug.xcconfig"; sourceTree = "<group>"; };
		FEC38447651BE31B8B3BDED2 /* Pods-SwiftIssuesUITests.release.xcconfig */ = {isa = PBXFileReference; includeInIndex = 1; lastKnownFileType = text.xcconfig; name = "Pods-SwiftIssuesUITests.release.xcconfig"; path = "Pods/Target Support Files/Pods-SwiftIssuesUITests/Pods-SwiftIssuesUITests.release.xcconfig"; sourceTree = "<group>"; };
/* End PBXFileReference section */

/* Begin PBXFrameworksBuildPhase section */
		BC0FBEDD225E4BE900CD90D0 /* Frameworks */ = {
			isa = PBXFrameworksBuildPhase;
			buildActionMask = 2147483647;
			files = (
				A940944D261A2EA6D3941F0D /* Pods_SwiftIssues.framework in Frameworks */,
			);
			runOnlyForDeploymentPostprocessing = 0;
		};
		BC0FBEF1225E4BEC00CD90D0 /* Frameworks */ = {
			isa = PBXFrameworksBuildPhase;
			buildActionMask = 2147483647;
			files = (
				C9F128720B5B8D8E87CE75F3 /* Pods_SwiftIssuesTests.framework in Frameworks */,
			);
			runOnlyForDeploymentPostprocessing = 0;
		};
/* End PBXFrameworksBuildPhase section */

/* Begin PBXGroup section */
		BC0979E922663170008EB0DA /* List */ = {
			isa = PBXGroup;
			children = (
				BC1A1590226018220022680A /* IssuesListItemCell.swift */,
				BC0979F622663DB6008EB0DA /* IssuesListViewController.swift */,
			);
			path = List;
			sourceTree = "<group>";
		};
		BC0979EA226631A6008EB0DA /* Details */ = {
			isa = PBXGroup;
			children = (
				BCFAFE032264C62A00647A80 /* IssueDetailsViewController.swift */,
			);
			path = Details;
			sourceTree = "<group>";
		};
		BC0979F22266378D008EB0DA /* Resources */ = {
			isa = PBXGroup;
			children = (
				BC8B3FBF225ED4C700795485 /* Storyboards */,
				BC0FBEEA225E4BEC00CD90D0 /* Assets.xcassets */,
				BC0FBEE3225E4BE900CD90D0 /* AppDelegate.swift */,
			);
			path = Resources;
			sourceTree = "<group>";
		};
		BC0FBED7225E4BE900CD90D0 = {
			isa = PBXGroup;
			children = (
				BC0FBEE2225E4BE900CD90D0 /* SwiftIssues */,
				BC0FBEF7225E4BEC00CD90D0 /* SwiftIssuesTests */,
				BC0FBEE1225E4BE900CD90D0 /* Products */,
				D65409229C659C2606248C46 /* Pods */,
				E1E22EEAB59AF7B5873A64C3 /* Frameworks */,
			);
			sourceTree = "<group>";
		};
		BC0FBEE1225E4BE900CD90D0 /* Products */ = {
			isa = PBXGroup;
			children = (
				BC0FBEE0225E4BE900CD90D0 /* SwiftIssues.app */,
				BC0FBEF4225E4BEC00CD90D0 /* SwiftIssuesTests.xctest */,
			);
			name = Products;
			sourceTree = "<group>";
		};
		BC0FBEE2225E4BE900CD90D0 /* SwiftIssues */ = {
			isa = PBXGroup;
			children = (
				BC0FBEEF225E4BEC00CD90D0 /* Info.plist */,
				BC0979F22266378D008EB0DA /* Resources */,
				BCFAFDFE226433BE00647A80 /* Extensions */,
				BC5A01E12263A21800FA9466 /* Services */,
				BC5A01C6226178B200FA9466 /* UseCases */,
				BC5A01BD22616EB100FA9466 /* Constants */,
				BC5A01BC22616E9B00FA9466 /* APIManager */,
				BC8B3FC2225ED9F500795485 /* ViewControllers */,
				BC8B3FC1225ED4E600795485 /* Model */,
				BC8B3FC0225ED4D800795485 /* Presenter */,
			);
			path = SwiftIssues;
			sourceTree = "<group>";
		};
		BC0FBEF7225E4BEC00CD90D0 /* SwiftIssuesTests */ = {
			isa = PBXGroup;
			children = (
				BC26F427226778EF00AE7621 /* Test Data */,
				BCFAFE152265747600647A80 /* List */,
				BC0FBEFA225E4BEC00CD90D0 /* Info.plist */,
			);
			path = SwiftIssuesTests;
			sourceTree = "<group>";
		};
		BC26F427226778EF00AE7621 /* Test Data */ = {
			isa = PBXGroup;
			children = (
				BC26F4282267792100AE7621 /* dataset-issues.json */,
			);
			path = "Test Data";
			sourceTree = "<group>";
		};
		BC5A01BC22616E9B00FA9466 /* APIManager */ = {
			isa = PBXGroup;
			children = (
				BC5A01BE2261718D00FA9466 /* IssuesAPIService.swift */,
			);
			path = APIManager;
			sourceTree = "<group>";
		};
		BC5A01BD22616EB100FA9466 /* Constants */ = {
			isa = PBXGroup;
			children = (
				BC5A01C22261735400FA9466 /* Constants.swift */,
			);
			path = Constants;
			sourceTree = "<group>";
		};
		BC5A01C6226178B200FA9466 /* UseCases */ = {
			isa = PBXGroup;
			children = (
				BC5A01C722617BBB00FA9466 /* IssuesFetcher.swift */,
			);
			path = UseCases;
			sourceTree = "<group>";
		};
		BC5A01E12263A21800FA9466 /* Services */ = {
			isa = PBXGroup;
			children = (
				BC5A01E22263A26D00FA9466 /* issuesService.swift */,
				BC0979F322663AAE008EB0DA /* ViewControllerInjector.swift */,
			);
			path = Services;
			sourceTree = "<group>";
		};
		BC8B3FBF225ED4C700795485 /* Storyboards */ = {
			isa = PBXGroup;
			children = (
				BC0FBEEC225E4BEC00CD90D0 /* LaunchScreen.storyboard */,
				BC1A1594226018D10022680A /* Issues.storyboard */,
			);
			path = Storyboards;
			sourceTree = "<group>";
		};
		BC8B3FC0225ED4D800795485 /* Presenter */ = {
			isa = PBXGroup;
			children = (
				BC5A01D8226399B500FA9466 /* IssuesListPresenter.swift */,
				BC0979EF226636FA008EB0DA /* IssuesListItemCellPresenter.swift */,
				BCFAFE062264C8B700647A80 /* IssueDetailsPresenter.swift */,
			);
			path = Presenter;
			sourceTree = "<group>";
		};
		BC8B3FC1225ED4E600795485 /* Model */ = {
			isa = PBXGroup;
			children = (
				BC8B3FC3225EDAB000795485 /* Issues.swift */,
			);
			path = Model;
			sourceTree = "<group>";
		};
		BC8B3FC2225ED9F500795485 /* ViewControllers */ = {
			isa = PBXGroup;
			children = (
				BC0979E922663170008EB0DA /* List */,
				BC0979EA226631A6008EB0DA /* Details */,
			);
			path = ViewControllers;
			sourceTree = "<group>";
		};
		BCFAFDFE226433BE00647A80 /* Extensions */ = {
			isa = PBXGroup;
			children = (
				BCFAFDFF226433E900647A80 /* Dependency+Extension.swift */,
				BCFAFE0122644DFE00647A80 /* String+Extension.swift */,
			);
			path = Extensions;
			sourceTree = "<group>";
		};
		BCFAFE152265747600647A80 /* List */ = {
			isa = PBXGroup;
			children = (
				BCFAFE16226574F700647A80 /* IssuesListPresenterSpec.swift */,
			);
			path = List;
			sourceTree = "<group>";
		};
		D65409229C659C2606248C46 /* Pods */ = {
			isa = PBXGroup;
			children = (
				814F948C5A0A73750520FE2C /* Pods-SwiftIssues.debug.xcconfig */,
				3AE26692D7E937C14974AF89 /* Pods-SwiftIssues.release.xcconfig */,
				F841578E3FF7A9FBF45BB17F /* Pods-SwiftIssuesTests.debug.xcconfig */,
				0164EF061FA68AC6F9E781ED /* Pods-SwiftIssuesTests.release.xcconfig */,
				E545A2FA476AE9FCD4B9AD02 /* Pods-SwiftIssuesUITests.debug.xcconfig */,
				FEC38447651BE31B8B3BDED2 /* Pods-SwiftIssuesUITests.release.xcconfig */,
			);
			name = Pods;
			sourceTree = "<group>";
		};
		E1E22EEAB59AF7B5873A64C3 /* Frameworks */ = {
			isa = PBXGroup;
			children = (
				0CE867793FEB24FFD4FA5818 /* Pods_SwiftIssues.framework */,
				20DC3A60E3B6A687377A48E5 /* Pods_SwiftIssuesTests.framework */,
				2F21FBEEA8463EB9BD396DB2 /* Pods_SwiftIssuesUITests.framework */,
			);
			name = Frameworks;
			sourceTree = "<group>";
		};
/* End PBXGroup section */

/* Begin PBXNativeTarget section */
		BC0FBEDF225E4BE900CD90D0 /* SwiftIssues */ = {
			isa = PBXNativeTarget;
			buildConfigurationList = BC0FBF08225E4BEC00CD90D0 /* Build configuration list for PBXNativeTarget "SwiftIssues" */;
			buildPhases = (
				0125DE4C209F3A83ECDCCF76 /* [CP] Check Pods Manifest.lock */,
				BC0FBEDC225E4BE900CD90D0 /* Sources */,
				BC0FBEDD225E4BE900CD90D0 /* Frameworks */,
				BC0FBEDE225E4BE900CD90D0 /* Resources */,
				7AD3ECF2EAFDE4E6E0F21B81 /* [CP] Embed Pods Frameworks */,
			);
			buildRules = (
			);
			dependencies = (
			);
			name = SwiftIssues;
			productName = SwiftIssues;
			productReference = BC0FBEE0225E4BE900CD90D0 /* SwiftIssues.app */;
			productType = "com.apple.product-type.application";
		};
		BC0FBEF3225E4BEC00CD90D0 /* SwiftIssuesTests */ = {
			isa = PBXNativeTarget;
			buildConfigurationList = BC0FBF0B225E4BEC00CD90D0 /* Build configuration list for PBXNativeTarget "SwiftIssuesTests" */;
			buildPhases = (
				5BEA38A4FCC6FEC41F38E2CF /* [CP] Check Pods Manifest.lock */,
				BC0FBEF0225E4BEC00CD90D0 /* Sources */,
				BC0FBEF1225E4BEC00CD90D0 /* Frameworks */,
				BC0FBEF2225E4BEC00CD90D0 /* Resources */,
				1F07F55C7F18396E28D77104 /* [CP] Embed Pods Frameworks */,
			);
			buildRules = (
			);
			dependencies = (
				BC0FBEF6225E4BEC00CD90D0 /* PBXTargetDependency */,
			);
			name = SwiftIssuesTests;
			productName = SwiftIssuesTests;
			productReference = BC0FBEF4225E4BEC00CD90D0 /* SwiftIssuesTests.xctest */;
			productType = "com.apple.product-type.bundle.unit-test";
		};
/* End PBXNativeTarget section */

/* Begin PBXProject section */
		BC0FBED8225E4BE900CD90D0 /* Project object */ = {
			isa = PBXProject;
			attributes = {
				LastSwiftUpdateCheck = 1000;
				LastUpgradeCheck = 1000;
				ORGANIZATIONNAME = jaya;
				TargetAttributes = {
					BC0FBEDF225E4BE900CD90D0 = {
						CreatedOnToolsVersion = 10.0;
					};
					BC0FBEF3225E4BEC00CD90D0 = {
						CreatedOnToolsVersion = 10.0;
						LastSwiftMigration = 1020;
						TestTargetID = BC0FBEDF225E4BE900CD90D0;
					};
				};
			};
			buildConfigurationList = BC0FBEDB225E4BE900CD90D0 /* Build configuration list for PBXProject "SwiftIssues" */;
			compatibilityVersion = "Xcode 9.3";
			developmentRegion = en;
			hasScannedForEncodings = 0;
			knownRegions = (
				en,
				Base,
			);
			mainGroup = BC0FBED7225E4BE900CD90D0;
			productRefGroup = BC0FBEE1225E4BE900CD90D0 /* Products */;
			projectDirPath = "";
			projectRoot = "";
			targets = (
				BC0FBEDF225E4BE900CD90D0 /* SwiftIssues */,
				BC0FBEF3225E4BEC00CD90D0 /* SwiftIssuesTests */,
			);
		};
/* End PBXProject section */

/* Begin PBXResourcesBuildPhase section */
		BC0FBEDE225E4BE900CD90D0 /* Resources */ = {
			isa = PBXResourcesBuildPhase;
			buildActionMask = 2147483647;
			files = (
				BC1A1595226018D10022680A /* Issues.storyboard in Resources */,
				BC0FBEEE225E4BEC00CD90D0 /* LaunchScreen.storyboard in Resources */,
				BC0FBEEB225E4BEC00CD90D0 /* Assets.xcassets in Resources */,
			);
			runOnlyForDeploymentPostprocessing = 0;
		};
		BC0FBEF2225E4BEC00CD90D0 /* Resources */ = {
			isa = PBXResourcesBuildPhase;
			buildActionMask = 2147483647;
			files = (
				BC1A1596226018D10022680A /* Issues.storyboard in Resources */,
				BC26F4292267792100AE7621 /* dataset-issues.json in Resources */,
			);
			runOnlyForDeploymentPostprocessing = 0;
		};
/* End PBXResourcesBuildPhase section */

/* Begin PBXShellScriptBuildPhase section */
		0125DE4C209F3A83ECDCCF76 /* [CP] Check Pods Manifest.lock */ = {
			isa = PBXShellScriptBuildPhase;
			buildActionMask = 2147483647;
			files = (
			);
			inputFileListPaths = (
			);
			inputPaths = (
				"${PODS_PODFILE_DIR_PATH}/Podfile.lock",
				"${PODS_ROOT}/Manifest.lock",
			);
			name = "[CP] Check Pods Manifest.lock";
			outputFileListPaths = (
			);
			outputPaths = (
				"$(DERIVED_FILE_DIR)/Pods-SwiftIssues-checkManifestLockResult.txt",
			);
			runOnlyForDeploymentPostprocessing = 0;
			shellPath = /bin/sh;
			shellScript = "diff \"${PODS_PODFILE_DIR_PATH}/Podfile.lock\" \"${PODS_ROOT}/Manifest.lock\" > /dev/null\nif [ $? != 0 ] ; then\n    # print error to STDERR\n    echo \"error: The sandbox is not in sync with the Podfile.lock. Run 'pod install' or update your CocoaPods installation.\" >&2\n    exit 1\nfi\n# This output is used by Xcode 'outputs' to avoid re-running this script phase.\necho \"SUCCESS\" > \"${SCRIPT_OUTPUT_FILE_0}\"\n";
			showEnvVarsInLog = 0;
		};
		1F07F55C7F18396E28D77104 /* [CP] Embed Pods Frameworks */ = {
			isa = PBXShellScriptBuildPhase;
			buildActionMask = 2147483647;
			files = (
			);
			inputFileListPaths = (
			);
			inputPaths = (
				"${SRCROOT}/Pods/Target Support Files/Pods-SwiftIssuesTests/Pods-SwiftIssuesTests-frameworks.sh",
				"${BUILT_PRODUCTS_DIR}/Nimble/Nimble.framework",
				"${BUILT_PRODUCTS_DIR}/Quick/Quick.framework",
			);
			name = "[CP] Embed Pods Frameworks";
			outputFileListPaths = (
			);
			outputPaths = (
				"${TARGET_BUILD_DIR}/${FRAMEWORKS_FOLDER_PATH}/Nimble.framework",
				"${TARGET_BUILD_DIR}/${FRAMEWORKS_FOLDER_PATH}/Quick.framework",
			);
			runOnlyForDeploymentPostprocessing = 0;
			shellPath = /bin/sh;
			shellScript = "\"${SRCROOT}/Pods/Target Support Files/Pods-SwiftIssuesTests/Pods-SwiftIssuesTests-frameworks.sh\"\n";
			showEnvVarsInLog = 0;
		};
		5BEA38A4FCC6FEC41F38E2CF /* [CP] Check Pods Manifest.lock */ = {
			isa = PBXShellScriptBuildPhase;
			buildActionMask = 2147483647;
			files = (
			);
			inputFileListPaths = (
			);
			inputPaths = (
				"${PODS_PODFILE_DIR_PATH}/Podfile.lock",
				"${PODS_ROOT}/Manifest.lock",
			);
			name = "[CP] Check Pods Manifest.lock";
			outputFileListPaths = (
			);
			outputPaths = (
				"$(DERIVED_FILE_DIR)/Pods-SwiftIssuesTests-checkManifestLockResult.txt",
			);
			runOnlyForDeploymentPostprocessing = 0;
			shellPath = /bin/sh;
			shellScript = "diff \"${PODS_PODFILE_DIR_PATH}/Podfile.lock\" \"${PODS_ROOT}/Manifest.lock\" > /dev/null\nif [ $? != 0 ] ; then\n    # print error to STDERR\n    echo \"error: The sandbox is not in sync with the Podfile.lock. Run 'pod install' or update your CocoaPods installation.\" >&2\n    exit 1\nfi\n# This output is used by Xcode 'outputs' to avoid re-running this script phase.\necho \"SUCCESS\" > \"${SCRIPT_OUTPUT_FILE_0}\"\n";
			showEnvVarsInLog = 0;
		};
		7AD3ECF2EAFDE4E6E0F21B81 /* [CP] Embed Pods Frameworks */ = {
			isa = PBXShellScriptBuildPhase;
			buildActionMask = 2147483647;
			files = (
			);
			inputFileListPaths = (
			);
			inputPaths = (
				"${SRCROOT}/Pods/Target Support Files/Pods-SwiftIssues/Pods-SwiftIssues-frameworks.sh",
				"${BUILT_PRODUCTS_DIR}/Alamofire/Alamofire.framework",
				"${BUILT_PRODUCTS_DIR}/Moya/Moya.framework",
				"${BUILT_PRODUCTS_DIR}/PINCache/PINCache.framework",
				"${BUILT_PRODUCTS_DIR}/PINOperation/PINOperation.framework",
				"${BUILT_PRODUCTS_DIR}/PINRemoteImage/PINRemoteImage.framework",
				"${BUILT_PRODUCTS_DIR}/Result/Result.framework",
				"${BUILT_PRODUCTS_DIR}/RxCocoa/RxCocoa.framework",
				"${BUILT_PRODUCTS_DIR}/RxSwift/RxSwift.framework",
				"${BUILT_PRODUCTS_DIR}/Swinject/Swinject.framework",
				"${BUILT_PRODUCTS_DIR}/SwinjectStoryboard/SwinjectStoryboard.framework",
			);
			name = "[CP] Embed Pods Frameworks";
			outputFileListPaths = (
			);
			outputPaths = (
				"${TARGET_BUILD_DIR}/${FRAMEWORKS_FOLDER_PATH}/Alamofire.framework",
				"${TARGET_BUILD_DIR}/${FRAMEWORKS_FOLDER_PATH}/Moya.framework",
				"${TARGET_BUILD_DIR}/${FRAMEWORKS_FOLDER_PATH}/PINCache.framework",
				"${TARGET_BUILD_DIR}/${FRAMEWORKS_FOLDER_PATH}/PINOperation.framework",
				"${TARGET_BUILD_DIR}/${FRAMEWORKS_FOLDER_PATH}/PINRemoteImage.framework",
				"${TARGET_BUILD_DIR}/${FRAMEWORKS_FOLDER_PATH}/Result.framework",
				"${TARGET_BUILD_DIR}/${FRAMEWORKS_FOLDER_PATH}/RxCocoa.framework",
				"${TARGET_BUILD_DIR}/${FRAMEWORKS_FOLDER_PATH}/RxSwift.framework",
				"${TARGET_BUILD_DIR}/${FRAMEWORKS_FOLDER_PATH}/Swinject.framework",
				"${TARGET_BUILD_DIR}/${FRAMEWORKS_FOLDER_PATH}/SwinjectStoryboard.framework",
			);
			runOnlyForDeploymentPostprocessing = 0;
			shellPath = /bin/sh;
			shellScript = "\"${SRCROOT}/Pods/Target Support Files/Pods-SwiftIssues/Pods-SwiftIssues-frameworks.sh\"\n";
			showEnvVarsInLog = 0;
		};
/* End PBXShellScriptBuildPhase section */

/* Begin PBXSourcesBuildPhase section */
		BC0FBEDC225E4BE900CD90D0 /* Sources */ = {
			isa = PBXSourcesBuildPhase;
			buildActionMask = 2147483647;
			files = (
				BC5A01BF2261718D00FA9466 /* IssuesAPIService.swift in Sources */,
				BC5A01C32261735400FA9466 /* Constants.swift in Sources */,
				BC5A01C822617BBB00FA9466 /* IssuesFetcher.swift in Sources */,
				BC0FBEE4225E4BE900CD90D0 /* AppDelegate.swift in Sources */,
				BC5A01D9226399B500FA9466 /* IssuesListPresenter.swift in Sources */,
				BCFAFE042264C62A00647A80 /* IssueDetailsViewController.swift in Sources */,
				BC0979F422663AAE008EB0DA /* ViewControllerInjector.swift in Sources */,
				BC0979F0226636FA008EB0DA /* IssuesListItemCellPresenter.swift in Sources */,
				BCFAFE072264C8B700647A80 /* IssueDetailsPresenter.swift in Sources */,
				BC8B3FC4225EDAB000795485 /* Issues.swift in Sources */,
				BC5A01E32263A26D00FA9466 /* issuesService.swift in Sources */,
				BC0979F722663DB6008EB0DA /* IssuesListViewController.swift in Sources */,
				BCFAFE00226433E900647A80 /* Dependency+Extension.swift in Sources */,
				BC1A1591226018220022680A /* IssuesListItemCell.swift in Sources */,
				BCFAFE0222644DFE00647A80 /* String+Extension.swift in Sources */,
			);
			runOnlyForDeploymentPostprocessing = 0;
		};
		BC0FBEF0225E4BEC00CD90D0 /* Sources */ = {
			isa = PBXSourcesBuildPhase;
			buildActionMask = 2147483647;
			files = (
				BCFAFE17226574F700647A80 /* IssuesListPresenterSpec.swift in Sources */,
			);
			runOnlyForDeploymentPostprocessing = 0;
		};
/* End PBXSourcesBuildPhase section */

/* Begin PBXTargetDependency section */
		BC0FBEF6225E4BEC00CD90D0 /* PBXTargetDependency */ = {
			isa = PBXTargetDependency;
			target = BC0FBEDF225E4BE900CD90D0 /* SwiftIssues */;
			targetProxy = BC0FBEF5225E4BEC00CD90D0 /* PBXContainerItemProxy */;
		};
/* End PBXTargetDependency section */

/* Begin PBXVariantGroup section */
		BC0FBEEC225E4BEC00CD90D0 /* LaunchScreen.storyboard */ = {
			isa = PBXVariantGroup;
			children = (
				BC0FBEED225E4BEC00CD90D0 /* Base */,
			);
			name = LaunchScreen.storyboard;
			sourceTree = "<group>";
		};
/* End PBXVariantGroup section */

/* Begin XCBuildConfiguration section */
		BC0FBF06225E4BEC00CD90D0 /* Debug */ = {
			isa = XCBuildConfiguration;
			buildSettings = {
				ALWAYS_SEARCH_USER_PATHS = NO;
				CLANG_ANALYZER_NONNULL = YES;
				CLANG_ANALYZER_NUMBER_OBJECT_CONVERSION = YES_AGGRESSIVE;
				CLANG_CXX_LANGUAGE_STANDARD = "gnu++14";
				CLANG_CXX_LIBRARY = "libc++";
				CLANG_ENABLE_MODULES = YES;
				CLANG_ENABLE_OBJC_ARC = YES;
				CLANG_ENABLE_OBJC_WEAK = YES;
				CLANG_WARN_BLOCK_CAPTURE_AUTORELEASING = YES;
				CLANG_WARN_BOOL_CONVERSION = YES;
				CLANG_WARN_COMMA = YES;
				CLANG_WARN_CONSTANT_CONVERSION = YES;
				CLANG_WARN_DEPRECATED_OBJC_IMPLEMENTATIONS = YES;
				CLANG_WARN_DIRECT_OBJC_ISA_USAGE = YES_ERROR;
				CLANG_WARN_DOCUMENTATION_COMMENTS = YES;
				CLANG_WARN_EMPTY_BODY = YES;
				CLANG_WARN_ENUM_CONVERSION = YES;
				CLANG_WARN_INFINITE_RECURSION = YES;
				CLANG_WARN_INT_CONVERSION = YES;
				CLANG_WARN_NON_LITERAL_NULL_CONVERSION = YES;
				CLANG_WARN_OBJC_IMPLICIT_RETAIN_SELF = YES;
				CLANG_WARN_OBJC_LITERAL_CONVERSION = YES;
				CLANG_WARN_OBJC_ROOT_CLASS = YES_ERROR;
				CLANG_WARN_RANGE_LOOP_ANALYSIS = YES;
				CLANG_WARN_STRICT_PROTOTYPES = YES;
				CLANG_WARN_SUSPICIOUS_MOVE = YES;
				CLANG_WARN_UNGUARDED_AVAILABILITY = YES_AGGRESSIVE;
				CLANG_WARN_UNREACHABLE_CODE = YES;
				CLANG_WARN__DUPLICATE_METHOD_MATCH = YES;
				CODE_SIGN_IDENTITY = "iPhone Developer";
				COPY_PHASE_STRIP = NO;
				DEBUG_INFORMATION_FORMAT = dwarf;
				ENABLE_STRICT_OBJC_MSGSEND = YES;
				ENABLE_TESTABILITY = YES;
				GCC_C_LANGUAGE_STANDARD = gnu11;
				GCC_DYNAMIC_NO_PIC = NO;
				GCC_NO_COMMON_BLOCKS = YES;
				GCC_OPTIMIZATION_LEVEL = 0;
				GCC_PREPROCESSOR_DEFINITIONS = (
					"DEBUG=1",
					"$(inherited)",
				);
				GCC_WARN_64_TO_32_BIT_CONVERSION = YES;
				GCC_WARN_ABOUT_RETURN_TYPE = YES_ERROR;
				GCC_WARN_UNDECLARED_SELECTOR = YES;
				GCC_WARN_UNINITIALIZED_AUTOS = YES_AGGRESSIVE;
				GCC_WARN_UNUSED_FUNCTION = YES;
				GCC_WARN_UNUSED_VARIABLE = YES;
				IPHONEOS_DEPLOYMENT_TARGET = 12.0;
				MTL_ENABLE_DEBUG_INFO = INCLUDE_SOURCE;
				MTL_FAST_MATH = YES;
				ONLY_ACTIVE_ARCH = YES;
				SDKROOT = iphoneos;
				SWIFT_ACTIVE_COMPILATION_CONDITIONS = DEBUG;
				SWIFT_OPTIMIZATION_LEVEL = "-Onone";
			};
			name = Debug;
		};
		BC0FBF07225E4BEC00CD90D0 /* Release */ = {
			isa = XCBuildConfiguration;
			buildSettings = {
				ALWAYS_SEARCH_USER_PATHS = NO;
				CLANG_ANALYZER_NONNULL = YES;
				CLANG_ANALYZER_NUMBER_OBJECT_CONVERSION = YES_AGGRESSIVE;
				CLANG_CXX_LANGUAGE_STANDARD = "gnu++14";
				CLANG_CXX_LIBRARY = "libc++";
				CLANG_ENABLE_MODULES = YES;
				CLANG_ENABLE_OBJC_ARC = YES;
				CLANG_ENABLE_OBJC_WEAK = YES;
				CLANG_WARN_BLOCK_CAPTURE_AUTORELEASING = YES;
				CLANG_WARN_BOOL_CONVERSION = YES;
				CLANG_WARN_COMMA = YES;
				CLANG_WARN_CONSTANT_CONVERSION = YES;
				CLANG_WARN_DEPRECATED_OBJC_IMPLEMENTATIONS = YES;
				CLANG_WARN_DIRECT_OBJC_ISA_USAGE = YES_ERROR;
				CLANG_WARN_DOCUMENTATION_COMMENTS = YES;
				CLANG_WARN_EMPTY_BODY = YES;
				CLANG_WARN_ENUM_CONVERSION = YES;
				CLANG_WARN_INFINITE_RECURSION = YES;
				CLANG_WARN_INT_CONVERSION = YES;
				CLANG_WARN_NON_LITERAL_NULL_CONVERSION = YES;
				CLANG_WARN_OBJC_IMPLICIT_RETAIN_SELF = YES;
				CLANG_WARN_OBJC_LITERAL_CONVERSION = YES;
				CLANG_WARN_OBJC_ROOT_CLASS = YES_ERROR;
				CLANG_WARN_RANGE_LOOP_ANALYSIS = YES;
				CLANG_WARN_STRICT_PROTOTYPES = YES;
				CLANG_WARN_SUSPICIOUS_MOVE = YES;
				CLANG_WARN_UNGUARDED_AVAILABILITY = YES_AGGRESSIVE;
				CLANG_WARN_UNREACHABLE_CODE = YES;
				CLANG_WARN__DUPLICATE_METHOD_MATCH = YES;
				CODE_SIGN_IDENTITY = "iPhone Developer";
				COPY_PHASE_STRIP = NO;
				DEBUG_INFORMATION_FORMAT = "dwarf-with-dsym";
				ENABLE_NS_ASSERTIONS = NO;
				ENABLE_STRICT_OBJC_MSGSEND = YES;
				GCC_C_LANGUAGE_STANDARD = gnu11;
				GCC_NO_COMMON_BLOCKS = YES;
				GCC_WARN_64_TO_32_BIT_CONVERSION = YES;
				GCC_WARN_ABOUT_RETURN_TYPE = YES_ERROR;
				GCC_WARN_UNDECLARED_SELECTOR = YES;
				GCC_WARN_UNINITIALIZED_AUTOS = YES_AGGRESSIVE;
				GCC_WARN_UNUSED_FUNCTION = YES;
				GCC_WARN_UNUSED_VARIABLE = YES;
				IPHONEOS_DEPLOYMENT_TARGET = 12.0;
				MTL_ENABLE_DEBUG_INFO = NO;
				MTL_FAST_MATH = YES;
				SDKROOT = iphoneos;
				SWIFT_COMPILATION_MODE = wholemodule;
				SWIFT_OPTIMIZATION_LEVEL = "-O";
				VALIDATE_PRODUCT = YES;
			};
			name = Release;
		};
		BC0FBF09225E4BEC00CD90D0 /* Debug */ = {
			isa = XCBuildConfiguration;
			baseConfigurationReference = 814F948C5A0A73750520FE2C /* Pods-SwiftIssues.debug.xcconfig */;
			buildSettings = {
				ASSETCATALOG_COMPILER_APPICON_NAME = AppIcon;
				CODE_SIGN_STYLE = Automatic;
				DEVELOPMENT_TEAM = 842M4JK73X;
				INFOPLIST_FILE = SwiftIssues/Info.plist;
				LD_RUNPATH_SEARCH_PATHS = (
					"$(inherited)",
					"@executable_path/Frameworks",
				);
				PRODUCT_BUNDLE_IDENTIFIER = com.jaya.SwiftIssues;
				PRODUCT_NAME = "$(TARGET_NAME)";
				SWIFT_VERSION = 4.2;
				TARGETED_DEVICE_FAMILY = "1,2";
			};
			name = Debug;
		};
		BC0FBF0A225E4BEC00CD90D0 /* Release */ = {
			isa = XCBuildConfiguration;
			baseConfigurationReference = 3AE26692D7E937C14974AF89 /* Pods-SwiftIssues.release.xcconfig */;
			buildSettings = {
				ASSETCATALOG_COMPILER_APPICON_NAME = AppIcon;
				CODE_SIGN_STYLE = Automatic;
				DEVELOPMENT_TEAM = 842M4JK73X;
				INFOPLIST_FILE = SwiftIssues/Info.plist;
				LD_RUNPATH_SEARCH_PATHS = (
					"$(inherited)",
					"@executable_path/Frameworks",
				);
				PRODUCT_BUNDLE_IDENTIFIER = com.jaya.SwiftIssues;
				PRODUCT_NAME = "$(TARGET_NAME)";
				SWIFT_VERSION = 4.2;
				TARGETED_DEVICE_FAMILY = "1,2";
			};
			name = Release;
		};
		BC0FBF0C225E4BEC00CD90D0 /* Debug */ = {
			isa = XCBuildConfiguration;
			baseConfigurationReference = F841578E3FF7A9FBF45BB17F /* Pods-SwiftIssuesTests.debug.xcconfig */;
			buildSettings = {
				ALWAYS_EMBED_SWIFT_STANDARD_LIBRARIES = YES;
				BUNDLE_LOADER = "$(TEST_HOST)";
				CODE_SIGN_STYLE = Automatic;
				DEVELOPMENT_TEAM = 842M4JK73X;
				INFOPLIST_FILE = SwiftIssuesTests/Info.plist;
				IPHONEOS_DEPLOYMENT_TARGET = 12.0;
				LD_RUNPATH_SEARCH_PATHS = (
					"$(inherited)",
					"@executable_path/Frameworks",
					"@loader_path/Frameworks",
				);
				PRODUCT_BUNDLE_IDENTIFIER = com.jaya.SwiftIssuesTests;
				PRODUCT_NAME = "$(TARGET_NAME)";
				SWIFT_VERSION = 4.2;
				TARGETED_DEVICE_FAMILY = "1,2";
				TEST_HOST = "$(BUILT_PRODUCTS_DIR)/SwiftIssues.app/SwiftIssues";
			};
			name = Debug;
		};
		BC0FBF0D225E4BEC00CD90D0 /* Release */ = {
			isa = XCBuildConfiguration;
			baseConfigurationReference = 0164EF061FA68AC6F9E781ED /* Pods-SwiftIssuesTests.release.xcconfig */;
			buildSettings = {
				ALWAYS_EMBED_SWIFT_STANDARD_LIBRARIES = YES;
				BUNDLE_LOADER = "$(TEST_HOST)";
				CODE_SIGN_STYLE = Automatic;
				DEVELOPMENT_TEAM = 842M4JK73X;
				INFOPLIST_FILE = SwiftIssuesTests/Info.plist;
				IPHONEOS_DEPLOYMENT_TARGET = 12.0;
				LD_RUNPATH_SEARCH_PATHS = (
					"$(inherited)",
					"@executable_path/Frameworks",
					"@loader_path/Frameworks",
				);
				PRODUCT_BUNDLE_IDENTIFIER = com.jaya.SwiftIssuesTests;
				PRODUCT_NAME = "$(TARGET_NAME)";
				SWIFT_VERSION = 4.2;
				TARGETED_DEVICE_FAMILY = "1,2";
				TEST_HOST = "$(BUILT_PRODUCTS_DIR)/SwiftIssues.app/SwiftIssues";
			};
			name = Release;
		};
/* End XCBuildConfiguration section */

/* Begin XCConfigurationList section */
		BC0FBEDB225E4BE900CD90D0 /* Build configuration list for PBXProject "SwiftIssues" */ = {
			isa = XCConfigurationList;
			buildConfigurations = (
				BC0FBF06225E4BEC00CD90D0 /* Debug */,
				BC0FBF07225E4BEC00CD90D0 /* Release */,
			);
			defaultConfigurationIsVisible = 0;
			defaultConfigurationName = Release;
		};
		BC0FBF08225E4BEC00CD90D0 /* Build configuration list for PBXNativeTarget "SwiftIssues" */ = {
			isa = XCConfigurationList;
			buildConfigurations = (
				BC0FBF09225E4BEC00CD90D0 /* Debug */,
				BC0FBF0A225E4BEC00CD90D0 /* Release */,
			);
			defaultConfigurationIsVisible = 0;
			defaultConfigurationName = Release;
		};
		BC0FBF0B225E4BEC00CD90D0 /* Build configuration list for PBXNativeTarget "SwiftIssuesTests" */ = {
			isa = XCConfigurationList;
			buildConfigurations = (
				BC0FBF0C225E4BEC00CD90D0 /* Debug */,
				BC0FBF0D225E4BEC00CD90D0 /* Release */,
			);
			defaultConfigurationIsVisible = 0;
			defaultConfigurationName = Release;
		};
/* End XCConfigurationList section */
	};
	rootObject = BC0FBED8225E4BE900CD90D0 /* Project object */;
}
